<?xml version="1.0" encoding="utf-8"?>
<Project ToolsVersion="4.0" xmlns="http://schemas.microsoft.com/developer/msbuild/2003">
  <ItemGroup>
    <Filter Include="Source Files">
      <UniqueIdentifier>{4FC737F1-C7A5-4376-A066-2A32D752A2FF}</UniqueIdentifier>
      <Extensions>cpp;c;cc;cxx;c++;cppm;ixx;def;odl;idl;hpj;bat;asm;asmx</Extensions>
    </Filter>
    <Filter Include="Header Files">
      <UniqueIdentifier>{93995380-89BD-4b04-88EB-625FBE52EBFB}</UniqueIdentifier>
      <Extensions>h;hh;hpp;hxx;h++;hm;inl;inc;ipp;xsd</Extensions>
    </Filter>
    <Filter Include="Resource Files">
      <UniqueIdentifier>{67DA6AB6-F800-4c08-8B7A-83BB121AAD01}</UniqueIdentifier>
      <Extensions>rc;ico;cur;bmp;dlg;rc2;rct;bin;rgs;gif;jpg;jpeg;jpe;resx;tiff;tif;png;wav;mfcribbon-ms</Extensions>
    </Filter>
  </ItemGroup>
  <ItemGroup>
    <ClCompile Include="main.cpp">
      <Filter>Source Files</Filter>
    </ClCompile>
    <ClCompile Include="IApplication.cpp">
      <Filter>Source Files</Filter>
    </ClCompile>
    <ClCompile Include="Timer.cpp">
      <Filter>Source Files</Filter>
    </ClCompile>
    <ClCompile Include="ID3DApplication.cpp">
      <Filter>Source Files</Filter>
    </ClCompile>
    <ClCompile Include="Config.cpp">
      <Filter>Source Files</Filter>
    </ClCompile>
    <ClCompile Include="KeyReference.cpp">
      <Filter>Source Files</Filter>
    </ClCompile>
    <ClCompile Include="ZipManager.cpp">
      <Filter>Source Files</Filter>
    </ClCompile>
    <ClCompile Include="C3DObject.cpp">
      <Filter>Source Files</Filter>
    </ClCompile>
    <ClCompile Include="Camera.cpp">
      <Filter>Source Files</Filter>
    </ClCompile>
    <ClCompile Include="DisplayObject.cpp">
      <Filter>Source Files</Filter>
    </ClCompile>
    <ClCompile Include="EnemyBoss.cpp">
      <Filter>Source Files</Filter>
    </ClCompile>
    <ClCompile Include="EnemyBoss1Cannon.cpp">
      <Filter>Source Files</Filter>
    </ClCompile>
    <ClCompile Include="EnemyBoss1Core.cpp">
      <Filter>Source Files</Filter>
    </ClCompile>
    <ClCompile Include="EnemyBoss1Frame.cpp">
      <Filter>Source Files</Filter>
    </ClCompile>
    <ClCompile Include="EnemyBoss1Laser.cpp">
      <Filter>Source Files</Filter>
    </ClCompile>
    <ClCompile Include="EnemyBoss1Scatter.cpp">
      <Filter>Source Files</Filter>
    </ClCompile>
    <ClCompile Include="EnemyDrone.cpp">
      <Filter>Source Files</Filter>
    </ClCompile>
    <ClCompile Include="EnemyGuard.cpp">
      <Filter>Source Files</Filter>
    </ClCompile>
    <ClCompile Include="EnemyRoller.cpp">
      <Filter>Source Files</Filter>
    </ClCompile>
    <ClCompile Include="EnemySniper.cpp">
      <Filter>Source Files</Filter>
    </ClCompile>
    <ClCompile Include="Explosion.cpp">
      <Filter>Source Files</Filter>
    </ClCompile>
    <ClCompile Include="Explosions.cpp">
      <Filter>Source Files</Filter>
    </ClCompile>
    <ClCompile Include="Fading.cpp">
      <Filter>Source Files</Filter>
    </ClCompile>
    <ClCompile Include="GameSettings.cpp">
      <Filter>Source Files</Filter>
    </ClCompile>
    <ClCompile Include="HighScore.cpp">
      <Filter>Source Files</Filter>
    </ClCompile>
    <ClCompile Include="HighScoreItem.cpp">
      <Filter>Source Files</Filter>
    </ClCompile>
    <ClCompile Include="I3DObject.cpp">
      <Filter>Source Files</Filter>
    </ClCompile>
    <ClCompile Include="I3DObjectController.cpp">
      <Filter>Source Files</Filter>
    </ClCompile>
    <ClCompile Include="IEnemy.cpp">
      <Filter>Source Files</Filter>
    </ClCompile>
    <ClCompile Include="IInputDevice.cpp">
      <Filter>Source Files</Filter>
    </ClCompile>
    <ClCompile Include="InputEngine.cpp">
      <Filter>Source Files</Filter>
    </ClCompile>
    <ClCompile Include="InputJoystick.cpp">
      <Filter>Source Files</Filter>
    </ClCompile>
    <ClCompile Include="InputKeyboard.cpp">
      <Filter>Source Files</Filter>
    </ClCompile>
    <ClCompile Include="InputMouse.cpp">
      <Filter>Source Files</Filter>
    </ClCompile>
    <ClCompile Include="IState.cpp">
      <Filter>Source Files</Filter>
    </ClCompile>
    <ClCompile Include="Letter.cpp">
      <Filter>Source Files</Filter>
    </ClCompile>
    <ClCompile Include="Level.cpp">
      <Filter>Source Files</Filter>
    </ClCompile>
    <ClCompile Include="Lights.cpp">
      <Filter>Source Files</Filter>
    </ClCompile>
    <ClCompile Include="MenuBoss1Scatter.cpp">
      <Filter>Source Files</Filter>
    </ClCompile>
    <ClCompile Include="MenuObject.cpp">
      <Filter>Source Files</Filter>
    </ClCompile>
    <ClCompile Include="Number.cpp">
      <Filter>Source Files</Filter>
    </ClCompile>
    <ClCompile Include="ObjectController.cpp">
      <Filter>Source Files</Filter>
    </ClCompile>
    <ClCompile Include="Obstacle.cpp">
      <Filter>Source Files</Filter>
    </ClCompile>
    <ClCompile Include="ParticleEngine.cpp">
      <Filter>Source Files</Filter>
    </ClCompile>
    <ClCompile Include="Player.cpp">
      <Filter>Source Files</Filter>
    </ClCompile>
    <ClCompile Include="PlayerController.cpp">
      <Filter>Source Files</Filter>
    </ClCompile>
    <ClCompile Include="PlayerMinigun.cpp">
      <Filter>Source Files</Filter>
    </ClCompile>
    <ClCompile Include="Resources.cpp">
      <Filter>Source Files</Filter>
    </ClCompile>
    <ClCompile Include="ShadowVolume.cpp">
      <Filter>Source Files</Filter>
    </ClCompile>
    <ClCompile Include="SoundEngine.cpp">
      <Filter>Source Files</Filter>
    </ClCompile>
    <ClCompile Include="SoundMP3Player.cpp">
      <Filter>Source Files</Filter>
    </ClCompile>
    <ClCompile Include="SoundWave.cpp">
      <Filter>Source Files</Filter>
    </ClCompile>
    <ClCompile Include="Sprite.cpp">
      <Filter>Source Files</Filter>
    </ClCompile>
    <ClCompile Include="SpriteScrolling.cpp">
      <Filter>Source Files</Filter>
    </ClCompile>
    <ClCompile Include="StateGame.cpp">
      <Filter>Source Files</Filter>
    </ClCompile>
    <ClCompile Include="StateHighScore.cpp">
      <Filter>Source Files</Filter>
    </ClCompile>
    <ClCompile Include="StateIntro.cpp">
      <Filter>Source Files</Filter>
    </ClCompile>
    <ClCompile Include="StateMenus.cpp">
      <Filter>Source Files</Filter>
    </ClCompile>
    <ClCompile Include="TheApp.cpp">
      <Filter>Source Files</Filter>
    </ClCompile>
    <ClCompile Include="TheGame.cpp">
      <Filter>Source Files</Filter>
    </ClCompile>
    <ClCompile Include="WaveLoader.cpp">
      <Filter>Source Files</Filter>
    </ClCompile>
    <ClCompile Include="Weapon.cpp">
      <Filter>Source Files</Filter>
    </ClCompile>
    <ClCompile Include="WeaponBoss1Laser.cpp">
      <Filter>Source Files</Filter>
    </ClCompile>
    <ClCompile Include="WeaponBoss1Scatter.cpp">
      <Filter>Source Files</Filter>
    </ClCompile>
    <ClCompile Include="WeaponEnemyDrone.cpp">
      <Filter>Source Files</Filter>
    </ClCompile>
    <ClCompile Include="WeaponEnemyRoller.cpp">
      <Filter>Source Files</Filter>
    </ClCompile>
    <ClCompile Include="WeaponEnemySniper.cpp">
      <Filter>Source Files</Filter>
    </ClCompile>
    <ClCompile Include="WeaponPlayerDiagonal.cpp">
      <Filter>Source Files</Filter>
    </ClCompile>
    <ClCompile Include="WeaponPlayerFront.cpp">
      <Filter>Source Files</Filter>
    </ClCompile>
    <ClCompile Include="WeaponPlayerHighscore.cpp">
      <Filter>Source Files</Filter>
    </ClCompile>
    <ClCompile Include="XFileContainer.cpp">
      <Filter>Source Files</Filter>
    </ClCompile>
    <ClCompile Include="ResourceMenus.cpp">
      <Filter>Source Files</Filter>
    </ClCompile>
    <ClCompile Include="ResourceHighScore.cpp">
      <Filter>Source Files</Filter>
    </ClCompile>
    <ClCompile Include="ResourceGame.cpp">
      <Filter>Source Files</Filter>
    </ClCompile>
    <ClCompile Include="HighscorePlayerShip.cpp">
      <Filter>Source Files</Filter>
    </ClCompile>
    <ClCompile Include="HighscoreLetterWheel.cpp">
      <Filter>Source Files</Filter>
    </ClCompile>
    <ClCompile Include="MenuObjectRoller.cpp">
      <Filter>Source Files</Filter>
    </ClCompile>
    <ClCompile Include="TextUtils.cpp">
      <Filter>Source Files</Filter>
    </ClCompile>
    <ClCompile Include="LerpUtils.cpp">
      <Filter>Source Files</Filter>
    </ClCompile>
  </ItemGroup>
  <ItemGroup>
    <ClInclude Include="resource.h">
      <Filter>Header Files</Filter>
    </ClInclude>
    <ClInclude Include="IApplication.h">
      <Filter>Header Files</Filter>
    </ClInclude>
    <ClInclude Include="Timer.h">
      <Filter>Header Files</Filter>
    </ClInclude>
    <ClInclude Include="ID3DApplication.h">
      <Filter>Header Files</Filter>
    </ClInclude>
    <ClInclude Include="Config.h">
      <Filter>Header Files</Filter>
    </ClInclude>
    <ClInclude Include="KeyReference.h">
      <Filter>Header Files</Filter>
    </ClInclude>
    <ClInclude Include="ZipManager.h">
      <Filter>Header Files</Filter>
    </ClInclude>
    <ClInclude Include="btBulletCollisionCommon.h">
      <Filter>Header Files</Filter>
    </ClInclude>
    <ClInclude Include="C3DObject.h">
      <Filter>Header Files</Filter>
    </ClInclude>
    <ClInclude Include="Camera.h">
      <Filter>Header Files</Filter>
    </ClInclude>
    <ClInclude Include="DisplayObject.h">
      <Filter>Header Files</Filter>
    </ClInclude>
    <ClInclude Include="EnemyBoss.h">
      <Filter>Header Files</Filter>
    </ClInclude>
    <ClInclude Include="EnemyBoss1Cannon.h">
      <Filter>Header Files</Filter>
    </ClInclude>
    <ClInclude Include="EnemyBoss1Core.h">
      <Filter>Header Files</Filter>
    </ClInclude>
    <ClInclude Include="EnemyBoss1Frame.h">
      <Filter>Header Files</Filter>
    </ClInclude>
    <ClInclude Include="EnemyBoss1Laser.h">
      <Filter>Header Files</Filter>
    </ClInclude>
    <ClInclude Include="EnemyBoss1Scatter.h">
      <Filter>Header Files</Filter>
    </ClInclude>
    <ClInclude Include="EnemyDrone.h">
      <Filter>Header Files</Filter>
    </ClInclude>
    <ClInclude Include="EnemyGuard.h">
      <Filter>Header Files</Filter>
    </ClInclude>
    <ClInclude Include="EnemyRoller.h">
      <Filter>Header Files</Filter>
    </ClInclude>
    <ClInclude Include="EnemySniper.h">
      <Filter>Header Files</Filter>
    </ClInclude>
    <ClInclude Include="Explosion.h">
      <Filter>Header Files</Filter>
    </ClInclude>
    <ClInclude Include="Explosions.h">
      <Filter>Header Files</Filter>
    </ClInclude>
    <ClInclude Include="Fading.h">
      <Filter>Header Files</Filter>
    </ClInclude>
    <ClInclude Include="GameSettings.h">
      <Filter>Header Files</Filter>
    </ClInclude>
    <ClInclude Include="HighScore.h">
      <Filter>Header Files</Filter>
    </ClInclude>
    <ClInclude Include="HighScoreItem.h">
      <Filter>Header Files</Filter>
    </ClInclude>
    <ClInclude Include="I3DObject.h">
      <Filter>Header Files</Filter>
    </ClInclude>
    <ClInclude Include="I3DObjectController.h">
      <Filter>Header Files</Filter>
    </ClInclude>
    <ClInclude Include="IEnemy.h">
      <Filter>Header Files</Filter>
    </ClInclude>
    <ClInclude Include="IInputDevice.h">
      <Filter>Header Files</Filter>
    </ClInclude>
    <ClInclude Include="InputEngine.h">
      <Filter>Header Files</Filter>
    </ClInclude>
    <ClInclude Include="InputJoystick.h">
      <Filter>Header Files</Filter>
    </ClInclude>
    <ClInclude Include="InputKeyboard.h">
      <Filter>Header Files</Filter>
    </ClInclude>
    <ClInclude Include="InputMouse.h">
      <Filter>Header Files</Filter>
    </ClInclude>
    <ClInclude Include="IState.h">
      <Filter>Header Files</Filter>
    </ClInclude>
    <ClInclude Include="Letter.h">
      <Filter>Header Files</Filter>
    </ClInclude>
    <ClInclude Include="Level.h">
      <Filter>Header Files</Filter>
    </ClInclude>
    <ClInclude Include="Lights.h">
      <Filter>Header Files</Filter>
    </ClInclude>
    <ClInclude Include="MenuBoss1Scatter.h">
      <Filter>Header Files</Filter>
    </ClInclude>
    <ClInclude Include="MenuObject.h">
      <Filter>Header Files</Filter>
    </ClInclude>
    <ClInclude Include="Number.h">
      <Filter>Header Files</Filter>
    </ClInclude>
    <ClInclude Include="ObjectController.h">
      <Filter>Header Files</Filter>
    </ClInclude>
    <ClInclude Include="Obstacle.h">
      <Filter>Header Files</Filter>
    </ClInclude>
    <ClInclude Include="ParticleEngine.h">
      <Filter>Header Files</Filter>
    </ClInclude>
    <ClInclude Include="Player.h">
      <Filter>Header Files</Filter>
    </ClInclude>
    <ClInclude Include="PlayerController.h">
      <Filter>Header Files</Filter>
    </ClInclude>
    <ClInclude Include="PlayerMinigun.h">
      <Filter>Header Files</Filter>
    </ClInclude>
    <ClInclude Include="Queue.h">
      <Filter>Header Files</Filter>
    </ClInclude>
    <ClInclude Include="Resources.h">
      <Filter>Header Files</Filter>
    </ClInclude>
    <ClInclude Include="ShadowVolume.h">
      <Filter>Header Files</Filter>
    </ClInclude>
    <ClInclude Include="sounddefines.h">
      <Filter>Header Files</Filter>
    </ClInclude>
    <ClInclude Include="SoundEngine.h">
      <Filter>Header Files</Filter>
    </ClInclude>
    <ClInclude Include="SoundMP3Player.h">
      <Filter>Header Files</Filter>
    </ClInclude>
    <ClInclude Include="SoundWave.h">
      <Filter>Header Files</Filter>
    </ClInclude>
    <ClInclude Include="Sprite.h">
      <Filter>Header Files</Filter>
    </ClInclude>
    <ClInclude Include="SpriteScrolling.h">
      <Filter>Header Files</Filter>
    </ClInclude>
    <ClInclude Include="StateGame.h">
      <Filter>Header Files</Filter>
    </ClInclude>
    <ClInclude Include="StateHighScore.h">
      <Filter>Header Files</Filter>
    </ClInclude>
    <ClInclude Include="StateIntro.h">
      <Filter>Header Files</Filter>
    </ClInclude>
    <ClInclude Include="StateMenus.h">
      <Filter>Header Files</Filter>
    </ClInclude>
    <ClInclude Include="TheApp.h">
      <Filter>Header Files</Filter>
    </ClInclude>
    <ClInclude Include="TheGame.h">
      <Filter>Header Files</Filter>
    </ClInclude>
    <ClInclude Include="vertices.h">
      <Filter>Header Files</Filter>
    </ClInclude>
    <ClInclude Include="WaveLoader.h">
      <Filter>Header Files</Filter>
    </ClInclude>
    <ClInclude Include="Weapon.h">
      <Filter>Header Files</Filter>
    </ClInclude>
    <ClInclude Include="WeaponBoss1Laser.h">
      <Filter>Header Files</Filter>
    </ClInclude>
    <ClInclude Include="WeaponBoss1Scatter.h">
      <Filter>Header Files</Filter>
    </ClInclude>
    <ClInclude Include="WeaponEnemyDrone.h">
      <Filter>Header Files</Filter>
    </ClInclude>
    <ClInclude Include="WeaponEnemyRoller.h">
      <Filter>Header Files</Filter>
    </ClInclude>
    <ClInclude Include="WeaponEnemySniper.h">
      <Filter>Header Files</Filter>
    </ClInclude>
    <ClInclude Include="WeaponPlayerDiagonal.h">
      <Filter>Header Files</Filter>
    </ClInclude>
    <ClInclude Include="WeaponPlayerFront.h">
      <Filter>Header Files</Filter>
    </ClInclude>
    <ClInclude Include="WeaponPlayerHighscore.h">
      <Filter>Header Files</Filter>
    </ClInclude>
    <ClInclude Include="XFileContainer.h">
      <Filter>Header Files</Filter>
    </ClInclude>
    <ClInclude Include="ResourceMenus.h">
      <Filter>Header Files</Filter>
    </ClInclude>
    <ClInclude Include="ResourceHighScore.h">
      <Filter>Header Files</Filter>
    </ClInclude>
    <ClInclude Include="ResourceGame.h">
      <Filter>Header Files</Filter>
    </ClInclude>
    <ClInclude Include="HighscorePlayerShip.h">
      <Filter>Header Files</Filter>
    </ClInclude>
    <ClInclude Include="HighscoreLetterWheel.h">
      <Filter>Header Files</Filter>
    </ClInclude>
    <ClInclude Include="MenuObjectRoller.h">
      <Filter>Header Files</Filter>
    </ClInclude>
    <ClInclude Include="TextUtils.h">
      <Filter>Header Files</Filter>
    </ClInclude>
    <ClInclude Include="LerpUtils.h">
      <Filter>Header Files</Filter>
    </ClInclude>
  </ItemGroup>
  <ItemGroup>
    <ResourceCompile Include="DesperateRush.rc">
      <Filter>Resource Files</Filter>
    </ResourceCompile>
  </ItemGroup>
  <ItemGroup>
    <Image Include="DesperateRush.ico">
      <Filter>Resource Files</Filter>
    </Image>
  </ItemGroup>
  <ItemGroup>
    <None Include="highscores.dat" />
  </ItemGroup>
</Project>